
Microsoft Visual Studio Solution File, Format Version 12.00
# Visual Studio Version 16
VisualStudioVersion = 16.0.31605.320
MinimumVisualStudioVersion = 10.0.40219.1
Project("{8BC9CEB8-8B4A-11D0-8D11-00A0C91BC942}") = "boj9251_LCS", "boj9251_LCS\boj9251_LCS.vcxproj", "{C83578B1-7053-4061-AB34-909BCE433CE2}"
EndProject
Global
	GlobalSection(SolutionConfigurationPlatforms) = preSolution
		Debug|x64 = Debug|x64
		Debug|x86 = Debug|x86
		Release|x64 = Release|x64
		Release|x86 = Release|x86
	EndGlobalSection
	GlobalSection(ProjectConfigurationPlatforms) = postSolution
		{C83578B1-7053-4061-AB34-909BCE433CE2}.Debug|x64.ActiveCfg = Debug|x64
		{C83578B1-7053-4061-AB34-909BCE433CE2}.Debug|x64.Build.0 = Debug|x64
		{C83578B1-7053-4061-AB34-909BCE433CE2}.Debug|x86.ActiveCfg = Debug|Win32
		{C83578B1-7053-4061-AB34-909BCE433CE2}.Debug|x86.Build.0 = Debug|Win32
		{C83578B1-7053-4061-AB34-909BCE433CE2}.Release|x64.ActiveCfg = Release|x64
		{C83578B1-7053-4061-AB34-909BCE433CE2}.Release|x64.Build.0 = Release|x64
		{C83578B1-7053-4061-AB34-909BCE433CE2}.Release|x86.ActiveCfg = Release|Win32
		{C83578B1-7053-4061-AB34-909BCE433CE2}.Release|x86.Build.0 = Release|Win32
	EndGlobalSection
	GlobalSection(SolutionProperties) = preSolution
		HideSolutionNode = FALSE
	EndGlobalSection
	GlobalSection(ExtensibilityGlobals) = postSolution
		SolutionGuid = {DBD94971-26EA-491E-B3A4-BCB014CEE3C8}
	EndGlobalSection
EndGlobal
