
Microsoft Visual Studio Solution File, Format Version 12.00
# Visual Studio Version 16
VisualStudioVersion = 16.0.31605.320
MinimumVisualStudioVersion = 10.0.40219.1
Project("{8BC9CEB8-8B4A-11D0-8D11-00A0C91BC942}") = "신문기사2", "신문기사2\신문기사2.vcxproj", "{16B19B22-7C4D-4FEE-B40A-6E461849BEEE}"
EndProject
Global
	GlobalSection(SolutionConfigurationPlatforms) = preSolution
		Debug|x64 = Debug|x64
		Debug|x86 = Debug|x86
		Release|x64 = Release|x64
		Release|x86 = Release|x86
	EndGlobalSection
	GlobalSection(ProjectConfigurationPlatforms) = postSolution
		{16B19B22-7C4D-4FEE-B40A-6E461849BEEE}.Debug|x64.ActiveCfg = Debug|x64
		{16B19B22-7C4D-4FEE-B40A-6E461849BEEE}.Debug|x64.Build.0 = Debug|x64
		{16B19B22-7C4D-4FEE-B40A-6E461849BEEE}.Debug|x86.ActiveCfg = Debug|Win32
		{16B19B22-7C4D-4FEE-B40A-6E461849BEEE}.Debug|x86.Build.0 = Debug|Win32
		{16B19B22-7C4D-4FEE-B40A-6E461849BEEE}.Release|x64.ActiveCfg = Release|x64
		{16B19B22-7C4D-4FEE-B40A-6E461849BEEE}.Release|x64.Build.0 = Release|x64
		{16B19B22-7C4D-4FEE-B40A-6E461849BEEE}.Release|x86.ActiveCfg = Release|Win32
		{16B19B22-7C4D-4FEE-B40A-6E461849BEEE}.Release|x86.Build.0 = Release|Win32
	EndGlobalSection
	GlobalSection(SolutionProperties) = preSolution
		HideSolutionNode = FALSE
	EndGlobalSection
	GlobalSection(ExtensibilityGlobals) = postSolution
		SolutionGuid = {EC0F3A4E-28E6-4669-A4CC-B5A80151F95C}
	EndGlobalSection
EndGlobal
