
Microsoft Visual Studio Solution File, Format Version 12.00
# Visual Studio Version 16
VisualStudioVersion = 16.0.31605.320
MinimumVisualStudioVersion = 10.0.40219.1
Project("{8BC9CEB8-8B4A-11D0-8D11-00A0C91BC942}") = "boj1316_그룹단어체커", "boj1316_그룹단어체커\boj1316_그룹단어체커.vcxproj", "{52531565-A135-48AE-9C9C-4301B58CE6F6}"
EndProject
Global
	GlobalSection(SolutionConfigurationPlatforms) = preSolution
		Debug|x64 = Debug|x64
		Debug|x86 = Debug|x86
		Release|x64 = Release|x64
		Release|x86 = Release|x86
	EndGlobalSection
	GlobalSection(ProjectConfigurationPlatforms) = postSolution
		{52531565-A135-48AE-9C9C-4301B58CE6F6}.Debug|x64.ActiveCfg = Debug|x64
		{52531565-A135-48AE-9C9C-4301B58CE6F6}.Debug|x64.Build.0 = Debug|x64
		{52531565-A135-48AE-9C9C-4301B58CE6F6}.Debug|x86.ActiveCfg = Debug|Win32
		{52531565-A135-48AE-9C9C-4301B58CE6F6}.Debug|x86.Build.0 = Debug|Win32
		{52531565-A135-48AE-9C9C-4301B58CE6F6}.Release|x64.ActiveCfg = Release|x64
		{52531565-A135-48AE-9C9C-4301B58CE6F6}.Release|x64.Build.0 = Release|x64
		{52531565-A135-48AE-9C9C-4301B58CE6F6}.Release|x86.ActiveCfg = Release|Win32
		{52531565-A135-48AE-9C9C-4301B58CE6F6}.Release|x86.Build.0 = Release|Win32
	EndGlobalSection
	GlobalSection(SolutionProperties) = preSolution
		HideSolutionNode = FALSE
	EndGlobalSection
	GlobalSection(ExtensibilityGlobals) = postSolution
		SolutionGuid = {B074033E-7AB4-4335-A4D1-B8A7BABF7201}
	EndGlobalSection
EndGlobal
