
Microsoft Visual Studio Solution File, Format Version 12.00
# Visual Studio Version 16
VisualStudioVersion = 16.0.31605.320
MinimumVisualStudioVersion = 10.0.40219.1
Project("{8BC9CEB8-8B4A-11D0-8D11-00A0C91BC942}") = "boj1436_영화감독숌", "boj1436_영화감독숌\boj1436_영화감독숌.vcxproj", "{BF47CF68-AB46-46D2-936A-1E75DE005BE8}"
EndProject
Global
	GlobalSection(SolutionConfigurationPlatforms) = preSolution
		Debug|x64 = Debug|x64
		Debug|x86 = Debug|x86
		Release|x64 = Release|x64
		Release|x86 = Release|x86
	EndGlobalSection
	GlobalSection(ProjectConfigurationPlatforms) = postSolution
		{BF47CF68-AB46-46D2-936A-1E75DE005BE8}.Debug|x64.ActiveCfg = Debug|x64
		{BF47CF68-AB46-46D2-936A-1E75DE005BE8}.Debug|x64.Build.0 = Debug|x64
		{BF47CF68-AB46-46D2-936A-1E75DE005BE8}.Debug|x86.ActiveCfg = Debug|Win32
		{BF47CF68-AB46-46D2-936A-1E75DE005BE8}.Debug|x86.Build.0 = Debug|Win32
		{BF47CF68-AB46-46D2-936A-1E75DE005BE8}.Release|x64.ActiveCfg = Release|x64
		{BF47CF68-AB46-46D2-936A-1E75DE005BE8}.Release|x64.Build.0 = Release|x64
		{BF47CF68-AB46-46D2-936A-1E75DE005BE8}.Release|x86.ActiveCfg = Release|Win32
		{BF47CF68-AB46-46D2-936A-1E75DE005BE8}.Release|x86.Build.0 = Release|Win32
	EndGlobalSection
	GlobalSection(SolutionProperties) = preSolution
		HideSolutionNode = FALSE
	EndGlobalSection
	GlobalSection(ExtensibilityGlobals) = postSolution
		SolutionGuid = {C937FEB0-ADE0-413D-B069-0DA858C8ABAF}
	EndGlobalSection
EndGlobal
