
Microsoft Visual Studio Solution File, Format Version 12.00
# Visual Studio Version 16
VisualStudioVersion = 16.0.31605.320
MinimumVisualStudioVersion = 10.0.40219.1
Project("{8BC9CEB8-8B4A-11D0-8D11-00A0C91BC942}") = "펠린드롬수", "펠린드롬수\펠린드롬수.vcxproj", "{A1033E06-0CBC-4441-AF2A-54E71361E1F6}"
EndProject
Global
	GlobalSection(SolutionConfigurationPlatforms) = preSolution
		Debug|x64 = Debug|x64
		Debug|x86 = Debug|x86
		Release|x64 = Release|x64
		Release|x86 = Release|x86
	EndGlobalSection
	GlobalSection(ProjectConfigurationPlatforms) = postSolution
		{A1033E06-0CBC-4441-AF2A-54E71361E1F6}.Debug|x64.ActiveCfg = Debug|x64
		{A1033E06-0CBC-4441-AF2A-54E71361E1F6}.Debug|x64.Build.0 = Debug|x64
		{A1033E06-0CBC-4441-AF2A-54E71361E1F6}.Debug|x86.ActiveCfg = Debug|Win32
		{A1033E06-0CBC-4441-AF2A-54E71361E1F6}.Debug|x86.Build.0 = Debug|Win32
		{A1033E06-0CBC-4441-AF2A-54E71361E1F6}.Release|x64.ActiveCfg = Release|x64
		{A1033E06-0CBC-4441-AF2A-54E71361E1F6}.Release|x64.Build.0 = Release|x64
		{A1033E06-0CBC-4441-AF2A-54E71361E1F6}.Release|x86.ActiveCfg = Release|Win32
		{A1033E06-0CBC-4441-AF2A-54E71361E1F6}.Release|x86.Build.0 = Release|Win32
	EndGlobalSection
	GlobalSection(SolutionProperties) = preSolution
		HideSolutionNode = FALSE
	EndGlobalSection
	GlobalSection(ExtensibilityGlobals) = postSolution
		SolutionGuid = {7EB2B868-733F-4C1C-9294-6130B354C0A5}
	EndGlobalSection
EndGlobal
