
Microsoft Visual Studio Solution File, Format Version 12.00
# Visual Studio Version 17
VisualStudioVersion = 17.1.32328.378
MinimumVisualStudioVersion = 10.0.40219.1
Project("{8BC9CEB8-8B4A-11D0-8D11-00A0C91BC942}") = "실습 2", "실습 2\실습 2.vcxproj", "{98CB24DB-8D9A-4085-B113-580012A48759}"
EndProject
Global
	GlobalSection(SolutionConfigurationPlatforms) = preSolution
		Debug|x64 = Debug|x64
		Debug|x86 = Debug|x86
		Release|x64 = Release|x64
		Release|x86 = Release|x86
	EndGlobalSection
	GlobalSection(ProjectConfigurationPlatforms) = postSolution
		{98CB24DB-8D9A-4085-B113-580012A48759}.Debug|x64.ActiveCfg = Debug|x64
		{98CB24DB-8D9A-4085-B113-580012A48759}.Debug|x64.Build.0 = Debug|x64
		{98CB24DB-8D9A-4085-B113-580012A48759}.Debug|x86.ActiveCfg = Debug|Win32
		{98CB24DB-8D9A-4085-B113-580012A48759}.Debug|x86.Build.0 = Debug|Win32
		{98CB24DB-8D9A-4085-B113-580012A48759}.Release|x64.ActiveCfg = Release|x64
		{98CB24DB-8D9A-4085-B113-580012A48759}.Release|x64.Build.0 = Release|x64
		{98CB24DB-8D9A-4085-B113-580012A48759}.Release|x86.ActiveCfg = Release|Win32
		{98CB24DB-8D9A-4085-B113-580012A48759}.Release|x86.Build.0 = Release|Win32
	EndGlobalSection
	GlobalSection(SolutionProperties) = preSolution
		HideSolutionNode = FALSE
	EndGlobalSection
	GlobalSection(ExtensibilityGlobals) = postSolution
		SolutionGuid = {E19C82C9-1178-4D18-A4A5-97B43683F2FC}
	EndGlobalSection
EndGlobal
