
Microsoft Visual Studio Solution File, Format Version 12.00
# Visual Studio Version 16
VisualStudioVersion = 16.0.31605.320
MinimumVisualStudioVersion = 10.0.40219.1
Project("{8BC9CEB8-8B4A-11D0-8D11-00A0C91BC942}") = "boj2447_별찍기", "boj2447_별찍기\boj2447_별찍기.vcxproj", "{1F453079-A6B2-49AB-8F86-59E2B15A6A4C}"
EndProject
Global
	GlobalSection(SolutionConfigurationPlatforms) = preSolution
		Debug|x64 = Debug|x64
		Debug|x86 = Debug|x86
		Release|x64 = Release|x64
		Release|x86 = Release|x86
	EndGlobalSection
	GlobalSection(ProjectConfigurationPlatforms) = postSolution
		{1F453079-A6B2-49AB-8F86-59E2B15A6A4C}.Debug|x64.ActiveCfg = Debug|x64
		{1F453079-A6B2-49AB-8F86-59E2B15A6A4C}.Debug|x64.Build.0 = Debug|x64
		{1F453079-A6B2-49AB-8F86-59E2B15A6A4C}.Debug|x86.ActiveCfg = Debug|Win32
		{1F453079-A6B2-49AB-8F86-59E2B15A6A4C}.Debug|x86.Build.0 = Debug|Win32
		{1F453079-A6B2-49AB-8F86-59E2B15A6A4C}.Release|x64.ActiveCfg = Release|x64
		{1F453079-A6B2-49AB-8F86-59E2B15A6A4C}.Release|x64.Build.0 = Release|x64
		{1F453079-A6B2-49AB-8F86-59E2B15A6A4C}.Release|x86.ActiveCfg = Release|Win32
		{1F453079-A6B2-49AB-8F86-59E2B15A6A4C}.Release|x86.Build.0 = Release|Win32
	EndGlobalSection
	GlobalSection(SolutionProperties) = preSolution
		HideSolutionNode = FALSE
	EndGlobalSection
	GlobalSection(ExtensibilityGlobals) = postSolution
		SolutionGuid = {996E01C0-ADE0-404C-9633-471AD3696938}
	EndGlobalSection
EndGlobal
