
Microsoft Visual Studio Solution File, Format Version 12.00
# Visual Studio Version 16
VisualStudioVersion = 16.0.31605.320
MinimumVisualStudioVersion = 10.0.40219.1
Project("{8BC9CEB8-8B4A-11D0-8D11-00A0C91BC942}") = "신문기사", "신문기사\신문기사.vcxproj", "{CCF33097-3429-4416-A530-D9904EDD4652}"
EndProject
Global
	GlobalSection(SolutionConfigurationPlatforms) = preSolution
		Debug|x64 = Debug|x64
		Debug|x86 = Debug|x86
		Release|x64 = Release|x64
		Release|x86 = Release|x86
	EndGlobalSection
	GlobalSection(ProjectConfigurationPlatforms) = postSolution
		{CCF33097-3429-4416-A530-D9904EDD4652}.Debug|x64.ActiveCfg = Debug|x64
		{CCF33097-3429-4416-A530-D9904EDD4652}.Debug|x64.Build.0 = Debug|x64
		{CCF33097-3429-4416-A530-D9904EDD4652}.Debug|x86.ActiveCfg = Debug|Win32
		{CCF33097-3429-4416-A530-D9904EDD4652}.Debug|x86.Build.0 = Debug|Win32
		{CCF33097-3429-4416-A530-D9904EDD4652}.Release|x64.ActiveCfg = Release|x64
		{CCF33097-3429-4416-A530-D9904EDD4652}.Release|x64.Build.0 = Release|x64
		{CCF33097-3429-4416-A530-D9904EDD4652}.Release|x86.ActiveCfg = Release|Win32
		{CCF33097-3429-4416-A530-D9904EDD4652}.Release|x86.Build.0 = Release|Win32
	EndGlobalSection
	GlobalSection(SolutionProperties) = preSolution
		HideSolutionNode = FALSE
	EndGlobalSection
	GlobalSection(ExtensibilityGlobals) = postSolution
		SolutionGuid = {298EE95A-A12B-4616-A4A2-6C039051C2E4}
	EndGlobalSection
EndGlobal
