
Microsoft Visual Studio Solution File, Format Version 12.00
# Visual Studio Version 16
VisualStudioVersion = 16.0.31605.320
MinimumVisualStudioVersion = 10.0.40219.1
Project("{8BC9CEB8-8B4A-11D0-8D11-00A0C91BC942}") = "boj2588", "boj2588.vcxproj", "{7E465DF2-3014-4B86-A26B-78A836624E08}"
EndProject
Global
	GlobalSection(SolutionConfigurationPlatforms) = preSolution
		Debug|x64 = Debug|x64
		Debug|x86 = Debug|x86
		Release|x64 = Release|x64
		Release|x86 = Release|x86
	EndGlobalSection
	GlobalSection(ProjectConfigurationPlatforms) = postSolution
		{7E465DF2-3014-4B86-A26B-78A836624E08}.Debug|x64.ActiveCfg = Debug|x64
		{7E465DF2-3014-4B86-A26B-78A836624E08}.Debug|x64.Build.0 = Debug|x64
		{7E465DF2-3014-4B86-A26B-78A836624E08}.Debug|x86.ActiveCfg = Debug|Win32
		{7E465DF2-3014-4B86-A26B-78A836624E08}.Debug|x86.Build.0 = Debug|Win32
		{7E465DF2-3014-4B86-A26B-78A836624E08}.Release|x64.ActiveCfg = Release|x64
		{7E465DF2-3014-4B86-A26B-78A836624E08}.Release|x64.Build.0 = Release|x64
		{7E465DF2-3014-4B86-A26B-78A836624E08}.Release|x86.ActiveCfg = Release|Win32
		{7E465DF2-3014-4B86-A26B-78A836624E08}.Release|x86.Build.0 = Release|Win32
	EndGlobalSection
	GlobalSection(SolutionProperties) = preSolution
		HideSolutionNode = FALSE
	EndGlobalSection
	GlobalSection(ExtensibilityGlobals) = postSolution
		SolutionGuid = {960DB36C-E8B7-4274-AD48-651C4A07ED41}
	EndGlobalSection
EndGlobal
